
Microsoft Visual Studio Solution File, Format Version 12.00
# Visual Studio Version 17
VisualStudioVersion = 17.1.32228.430
MinimumVisualStudioVersion = 10.0.40219.1
Project("{2150E333-8FDC-42A3-9474-1A3956D46DE8}") = "Services", "Services", "{F4F75765-340D-4A41-93AE-C9885280400F}"
EndProject
Project("{2150E333-8FDC-42A3-9474-1A3956D46DE8}") = "Catalog", "Catalog", "{BBD6863F-0C39-43AF-9C0B-630AB1777D66}"
EndProject
Project("{9A19103F-16F7-4668-BE54-9A1E7A4F7556}") = "Catalog.API", "Services\Catalog\Catalog.API\Catalog.API.csproj", "{CB3E7E0E-C499-4DD2-A408-B662C8FBCDCF}"
EndProject
Project("{E53339B2-1760-4266-BCC7-CA923CBCF16C}") = "docker-compose", "docker-compose.dcproj", "{958C217A-CC7A-4AB0-9B66-EA04018FB3B4}"
EndProject
Project("{2150E333-8FDC-42A3-9474-1A3956D46DE8}") = "Basket", "Basket", "{5E42D550-2F3C-4503-9EA3-EFBD06F89C1C}"
EndProject
Project("{9A19103F-16F7-4668-BE54-9A1E7A4F7556}") = "Basket.API", "Services\Basket\Basket.API\Basket.API.csproj", "{70193409-6D22-4580-9D47-561245C4E2D2}"
EndProject
Project("{2150E333-8FDC-42A3-9474-1A3956D46DE8}") = "Discount", "Discount", "{D49FA514-90ED-4AEE-88B9-4FE7CA8F6A24}"
EndProject
Project("{9A19103F-16F7-4668-BE54-9A1E7A4F7556}") = "Discount.API", "Services\Discount\Discount.API\Discount.API.csproj", "{EF0B76EE-EEB1-4DE1-9356-B6C104DFB572}"
EndProject
Project("{9A19103F-16F7-4668-BE54-9A1E7A4F7556}") = "Discount.Grpc", "Services\Discount\Discount.Grpc\Discount.Grpc.csproj", "{D5CBD125-65BA-4136-BA77-EF79A88CC958}"
EndProject
Project("{2150E333-8FDC-42A3-9474-1A3956D46DE8}") = "Ordering", "Ordering", "{CED9A827-BB1E-4B54-8933-78331104A82B}"
EndProject
Project("{9A19103F-16F7-4668-BE54-9A1E7A4F7556}") = "Ordering.API", "Services\Ordering\Ordering.API\Ordering.API.csproj", "{7DC5FD54-2B21-4B41-AD3D-0A5C4DAB8AAB}"
EndProject
Project("{9A19103F-16F7-4668-BE54-9A1E7A4F7556}") = "Ordering.Domain", "Services\Ordering\Ordering.Domain\Ordering.Domain.csproj", "{BC5BEA48-0DFE-4571-A289-B73B2209862E}"
EndProject
Project("{9A19103F-16F7-4668-BE54-9A1E7A4F7556}") = "Ordering.Application", "Services\Ordering\Ordering.Application\Ordering.Application.csproj", "{4CF57B5C-2037-404F-ABDB-A1DD2E8B8216}"
EndProject
Project("{9A19103F-16F7-4668-BE54-9A1E7A4F7556}") = "Ordering.Infrastructure", "Services\Ordering\Ordering.Infrastructure\Ordering.Infrastructure.csproj", "{DA194960-41F2-41B9-BE59-4BBD9953F897}"
EndProject
Project("{2150E333-8FDC-42A3-9474-1A3956D46DE8}") = "BuildingBlocks", "BuildingBlocks", "{5615E72C-CE82-4B07-A606-1D897AE33F10}"
EndProject
Project("{FAE04EC0-301F-11D3-BF4B-00C04F79EFBC}") = "EventBus.Messages", "BuildingBlocks\EventBus.Messages\EventBus.Messages.csproj", "{B87855DE-A642-4780-8967-66F81BD71178}"
EndProject
Global
	GlobalSection(SolutionConfigurationPlatforms) = preSolution
		Debug|Any CPU = Debug|Any CPU
		Release|Any CPU = Release|Any CPU
	EndGlobalSection
	GlobalSection(ProjectConfigurationPlatforms) = postSolution
		{CB3E7E0E-C499-4DD2-A408-B662C8FBCDCF}.Debug|Any CPU.ActiveCfg = Debug|Any CPU
		{CB3E7E0E-C499-4DD2-A408-B662C8FBCDCF}.Debug|Any CPU.Build.0 = Debug|Any CPU
		{CB3E7E0E-C499-4DD2-A408-B662C8FBCDCF}.Release|Any CPU.ActiveCfg = Release|Any CPU
		{CB3E7E0E-C499-4DD2-A408-B662C8FBCDCF}.Release|Any CPU.Build.0 = Release|Any CPU
		{958C217A-CC7A-4AB0-9B66-EA04018FB3B4}.Debug|Any CPU.ActiveCfg = Debug|Any CPU
		{958C217A-CC7A-4AB0-9B66-EA04018FB3B4}.Debug|Any CPU.Build.0 = Debug|Any CPU
		{958C217A-CC7A-4AB0-9B66-EA04018FB3B4}.Release|Any CPU.ActiveCfg = Release|Any CPU
		{958C217A-CC7A-4AB0-9B66-EA04018FB3B4}.Release|Any CPU.Build.0 = Release|Any CPU
		{70193409-6D22-4580-9D47-561245C4E2D2}.Debug|Any CPU.ActiveCfg = Debug|Any CPU
		{70193409-6D22-4580-9D47-561245C4E2D2}.Debug|Any CPU.Build.0 = Debug|Any CPU
		{70193409-6D22-4580-9D47-561245C4E2D2}.Release|Any CPU.ActiveCfg = Release|Any CPU
		{70193409-6D22-4580-9D47-561245C4E2D2}.Release|Any CPU.Build.0 = Release|Any CPU
		{EF0B76EE-EEB1-4DE1-9356-B6C104DFB572}.Debug|Any CPU.ActiveCfg = Debug|Any CPU
		{EF0B76EE-EEB1-4DE1-9356-B6C104DFB572}.Debug|Any CPU.Build.0 = Debug|Any CPU
		{EF0B76EE-EEB1-4DE1-9356-B6C104DFB572}.Release|Any CPU.ActiveCfg = Release|Any CPU
		{EF0B76EE-EEB1-4DE1-9356-B6C104DFB572}.Release|Any CPU.Build.0 = Release|Any CPU
		{D5CBD125-65BA-4136-BA77-EF79A88CC958}.Debug|Any CPU.ActiveCfg = Debug|Any CPU
		{D5CBD125-65BA-4136-BA77-EF79A88CC958}.Debug|Any CPU.Build.0 = Debug|Any CPU
		{D5CBD125-65BA-4136-BA77-EF79A88CC958}.Release|Any CPU.ActiveCfg = Release|Any CPU
		{D5CBD125-65BA-4136-BA77-EF79A88CC958}.Release|Any CPU.Build.0 = Release|Any CPU
		{7DC5FD54-2B21-4B41-AD3D-0A5C4DAB8AAB}.Debug|Any CPU.ActiveCfg = Debug|Any CPU
		{7DC5FD54-2B21-4B41-AD3D-0A5C4DAB8AAB}.Debug|Any CPU.Build.0 = Debug|Any CPU
		{7DC5FD54-2B21-4B41-AD3D-0A5C4DAB8AAB}.Release|Any CPU.ActiveCfg = Release|Any CPU
		{7DC5FD54-2B21-4B41-AD3D-0A5C4DAB8AAB}.Release|Any CPU.Build.0 = Release|Any CPU
		{BC5BEA48-0DFE-4571-A289-B73B2209862E}.Debug|Any CPU.ActiveCfg = Debug|Any CPU
		{BC5BEA48-0DFE-4571-A289-B73B2209862E}.Debug|Any CPU.Build.0 = Debug|Any CPU
		{BC5BEA48-0DFE-4571-A289-B73B2209862E}.Release|Any CPU.ActiveCfg = Release|Any CPU
		{BC5BEA48-0DFE-4571-A289-B73B2209862E}.Release|Any CPU.Build.0 = Release|Any CPU
		{4CF57B5C-2037-404F-ABDB-A1DD2E8B8216}.Debug|Any CPU.ActiveCfg = Debug|Any CPU
		{4CF57B5C-2037-404F-ABDB-A1DD2E8B8216}.Debug|Any CPU.Build.0 = Debug|Any CPU
		{4CF57B5C-2037-404F-ABDB-A1DD2E8B8216}.Release|Any CPU.ActiveCfg = Release|Any CPU
		{4CF57B5C-2037-404F-ABDB-A1DD2E8B8216}.Release|Any CPU.Build.0 = Release|Any CPU
		{DA194960-41F2-41B9-BE59-4BBD9953F897}.Debug|Any CPU.ActiveCfg = Debug|Any CPU
		{DA194960-41F2-41B9-BE59-4BBD9953F897}.Debug|Any CPU.Build.0 = Debug|Any CPU
		{DA194960-41F2-41B9-BE59-4BBD9953F897}.Release|Any CPU.ActiveCfg = Release|Any CPU
		{DA194960-41F2-41B9-BE59-4BBD9953F897}.Release|Any CPU.Build.0 = Release|Any CPU
		{B87855DE-A642-4780-8967-66F81BD71178}.Debug|Any CPU.ActiveCfg = Debug|Any CPU
		{B87855DE-A642-4780-8967-66F81BD71178}.Debug|Any CPU.Build.0 = Debug|Any CPU
		{B87855DE-A642-4780-8967-66F81BD71178}.Release|Any CPU.ActiveCfg = Release|Any CPU
		{B87855DE-A642-4780-8967-66F81BD71178}.Release|Any CPU.Build.0 = Release|Any CPU
	EndGlobalSection
	GlobalSection(SolutionProperties) = preSolution
		HideSolutionNode = FALSE
	EndGlobalSection
	GlobalSection(NestedProjects) = preSolution
		{BBD6863F-0C39-43AF-9C0B-630AB1777D66} = {F4F75765-340D-4A41-93AE-C9885280400F}
		{CB3E7E0E-C499-4DD2-A408-B662C8FBCDCF} = {BBD6863F-0C39-43AF-9C0B-630AB1777D66}
		{5E42D550-2F3C-4503-9EA3-EFBD06F89C1C} = {F4F75765-340D-4A41-93AE-C9885280400F}
		{70193409-6D22-4580-9D47-561245C4E2D2} = {5E42D550-2F3C-4503-9EA3-EFBD06F89C1C}
		{D49FA514-90ED-4AEE-88B9-4FE7CA8F6A24} = {F4F75765-340D-4A41-93AE-C9885280400F}
		{EF0B76EE-EEB1-4DE1-9356-B6C104DFB572} = {D49FA514-90ED-4AEE-88B9-4FE7CA8F6A24}
		{D5CBD125-65BA-4136-BA77-EF79A88CC958} = {D49FA514-90ED-4AEE-88B9-4FE7CA8F6A24}
		{CED9A827-BB1E-4B54-8933-78331104A82B} = {F4F75765-340D-4A41-93AE-C9885280400F}
		{7DC5FD54-2B21-4B41-AD3D-0A5C4DAB8AAB} = {CED9A827-BB1E-4B54-8933-78331104A82B}
		{BC5BEA48-0DFE-4571-A289-B73B2209862E} = {CED9A827-BB1E-4B54-8933-78331104A82B}
		{4CF57B5C-2037-404F-ABDB-A1DD2E8B8216} = {CED9A827-BB1E-4B54-8933-78331104A82B}
		{DA194960-41F2-41B9-BE59-4BBD9953F897} = {CED9A827-BB1E-4B54-8933-78331104A82B}
		{B87855DE-A642-4780-8967-66F81BD71178} = {5615E72C-CE82-4B07-A606-1D897AE33F10}
	EndGlobalSection
	GlobalSection(ExtensibilityGlobals) = postSolution
		SolutionGuid = {7CE06F31-2D6E-4AA4-8701-3B85762B5DCA}
	EndGlobalSection
EndGlobal
